
Microsoft Visual Studio Solution File, Format Version 12.00
# Visual Studio Version 17
VisualStudioVersion = 17.3.32825.248
MinimumVisualStudioVersion = 10.0.40219.1
Project("{9A19103F-16F7-4668-BE54-9A1E7A4F7556}") = "Lesson01_01", "Lesson01_01\Lesson01_01.csproj", "{635A94C0-0602-44D1-9869-174B93626308}"
EndProject
Project("{9A19103F-16F7-4668-BE54-9A1E7A4F7556}") = "Lesson01_02", "Lesson01_02\Lesson01_02.csproj", "{B8B533B3-D4E3-4A2F-A411-7562D89F56D8}"
EndProject
Project("{9A19103F-16F7-4668-BE54-9A1E7A4F7556}") = "Lesson01_03", "Lesson01_03\Lesson01_03.csproj", "{7C4C5275-34E5-4930-8501-F887001E8D63}"
EndProject
Project("{9A19103F-16F7-4668-BE54-9A1E7A4F7556}") = "Lesson01_04", "Lesson01_04\Lesson01_04.csproj", "{E03264AA-7269-474D-B616-E933D7EDD82A}"
EndProject
Project("{9A19103F-16F7-4668-BE54-9A1E7A4F7556}") = "Lesson01_05", "Lesson01_05\Lesson01_05.csproj", "{9775EB3B-3F41-4537-A91C-D604FFC81238}"
EndProject
Project("{9A19103F-16F7-4668-BE54-9A1E7A4F7556}") = "Lesson01_06", "Lesson01_06\Lesson01_06.csproj", "{ECC16EBD-BA87-42D1-8A16-3F87E8804E54}"
EndProject
Project("{9A19103F-16F7-4668-BE54-9A1E7A4F7556}") = "Lesson01_07", "Lesson01_07\Lesson01_07.csproj", "{B365A47A-3AFA-4B70-A648-48727A40C7FC}"
EndProject
Project("{9A19103F-16F7-4668-BE54-9A1E7A4F7556}") = "Lesson01_08", "Lesson01_08\Lesson01_08.csproj", "{A685D5CF-2E4D-4D55-9519-26185F34580A}"
EndProject
Project("{9A19103F-16F7-4668-BE54-9A1E7A4F7556}") = "Lesson01_09", "Lesson01_09\Lesson01_09.csproj", "{AF8694D2-FFAD-4995-9437-EAAAA3777777}"
EndProject
Project("{FAE04EC0-301F-11D3-BF4B-00C04F79EFBC}") = "Lesson01_10", "Lesson01_10\Lesson01_10.csproj", "{29C1F8EB-D257-4345-ABC3-6F9E1643768B}"
EndProject
Global
	GlobalSection(SolutionConfigurationPlatforms) = preSolution
		Debug|Any CPU = Debug|Any CPU
		Release|Any CPU = Release|Any CPU
	EndGlobalSection
	GlobalSection(ProjectConfigurationPlatforms) = postSolution
		{635A94C0-0602-44D1-9869-174B93626308}.Debug|Any CPU.ActiveCfg = Debug|Any CPU
		{635A94C0-0602-44D1-9869-174B93626308}.Debug|Any CPU.Build.0 = Debug|Any CPU
		{635A94C0-0602-44D1-9869-174B93626308}.Release|Any CPU.ActiveCfg = Release|Any CPU
		{635A94C0-0602-44D1-9869-174B93626308}.Release|Any CPU.Build.0 = Release|Any CPU
		{B8B533B3-D4E3-4A2F-A411-7562D89F56D8}.Debug|Any CPU.ActiveCfg = Debug|Any CPU
		{B8B533B3-D4E3-4A2F-A411-7562D89F56D8}.Debug|Any CPU.Build.0 = Debug|Any CPU
		{B8B533B3-D4E3-4A2F-A411-7562D89F56D8}.Release|Any CPU.ActiveCfg = Release|Any CPU
		{B8B533B3-D4E3-4A2F-A411-7562D89F56D8}.Release|Any CPU.Build.0 = Release|Any CPU
		{7C4C5275-34E5-4930-8501-F887001E8D63}.Debug|Any CPU.ActiveCfg = Debug|Any CPU
		{7C4C5275-34E5-4930-8501-F887001E8D63}.Debug|Any CPU.Build.0 = Debug|Any CPU
		{7C4C5275-34E5-4930-8501-F887001E8D63}.Release|Any CPU.ActiveCfg = Release|Any CPU
		{7C4C5275-34E5-4930-8501-F887001E8D63}.Release|Any CPU.Build.0 = Release|Any CPU
		{E03264AA-7269-474D-B616-E933D7EDD82A}.Debug|Any CPU.ActiveCfg = Debug|Any CPU
		{E03264AA-7269-474D-B616-E933D7EDD82A}.Debug|Any CPU.Build.0 = Debug|Any CPU
		{E03264AA-7269-474D-B616-E933D7EDD82A}.Release|Any CPU.ActiveCfg = Release|Any CPU
		{E03264AA-7269-474D-B616-E933D7EDD82A}.Release|Any CPU.Build.0 = Release|Any CPU
		{9775EB3B-3F41-4537-A91C-D604FFC81238}.Debug|Any CPU.ActiveCfg = Debug|Any CPU
		{9775EB3B-3F41-4537-A91C-D604FFC81238}.Debug|Any CPU.Build.0 = Debug|Any CPU
		{9775EB3B-3F41-4537-A91C-D604FFC81238}.Release|Any CPU.ActiveCfg = Release|Any CPU
		{9775EB3B-3F41-4537-A91C-D604FFC81238}.Release|Any CPU.Build.0 = Release|Any CPU
		{ECC16EBD-BA87-42D1-8A16-3F87E8804E54}.Debug|Any CPU.ActiveCfg = Debug|Any CPU
		{ECC16EBD-BA87-42D1-8A16-3F87E8804E54}.Debug|Any CPU.Build.0 = Debug|Any CPU
		{ECC16EBD-BA87-42D1-8A16-3F87E8804E54}.Release|Any CPU.ActiveCfg = Release|Any CPU
		{ECC16EBD-BA87-42D1-8A16-3F87E8804E54}.Release|Any CPU.Build.0 = Release|Any CPU
		{B365A47A-3AFA-4B70-A648-48727A40C7FC}.Debug|Any CPU.ActiveCfg = Debug|Any CPU
		{B365A47A-3AFA-4B70-A648-48727A40C7FC}.Debug|Any CPU.Build.0 = Debug|Any CPU
		{B365A47A-3AFA-4B70-A648-48727A40C7FC}.Release|Any CPU.ActiveCfg = Release|Any CPU
		{B365A47A-3AFA-4B70-A648-48727A40C7FC}.Release|Any CPU.Build.0 = Release|Any CPU
		{A685D5CF-2E4D-4D55-9519-26185F34580A}.Debug|Any CPU.ActiveCfg = Debug|Any CPU
		{A685D5CF-2E4D-4D55-9519-26185F34580A}.Debug|Any CPU.Build.0 = Debug|Any CPU
		{A685D5CF-2E4D-4D55-9519-26185F34580A}.Release|Any CPU.ActiveCfg = Release|Any CPU
		{A685D5CF-2E4D-4D55-9519-26185F34580A}.Release|Any CPU.Build.0 = Release|Any CPU
		{AF8694D2-FFAD-4995-9437-EAAAA3777777}.Debug|Any CPU.ActiveCfg = Debug|Any CPU
		{AF8694D2-FFAD-4995-9437-EAAAA3777777}.Debug|Any CPU.Build.0 = Debug|Any CPU
		{AF8694D2-FFAD-4995-9437-EAAAA3777777}.Release|Any CPU.ActiveCfg = Release|Any CPU
		{AF8694D2-FFAD-4995-9437-EAAAA3777777}.Release|Any CPU.Build.0 = Release|Any CPU
		{29C1F8EB-D257-4345-ABC3-6F9E1643768B}.Debug|Any CPU.ActiveCfg = Debug|Any CPU
		{29C1F8EB-D257-4345-ABC3-6F9E1643768B}.Debug|Any CPU.Build.0 = Debug|Any CPU
		{29C1F8EB-D257-4345-ABC3-6F9E1643768B}.Release|Any CPU.ActiveCfg = Release|Any CPU
		{29C1F8EB-D257-4345-ABC3-6F9E1643768B}.Release|Any CPU.Build.0 = Release|Any CPU
	EndGlobalSection
	GlobalSection(SolutionProperties) = preSolution
		HideSolutionNode = FALSE
	EndGlobalSection
	GlobalSection(ExtensibilityGlobals) = postSolution
		SolutionGuid = {500E2CF7-4280-47BE-B418-B4FDCA341D35}
	EndGlobalSection
EndGlobal
